{
  "pins" : [
    {
      "identity" : "shuffleit",
      "kind" : "remoteSourceControl",
      "location" : "https://github.com/dscyrescotti/ShuffleIt.git",
      "state" : {
        "branch" : "main",
        "revision" : "e0e70737c1f32f72aec305036484b737ef9d0467"
      }
    }
  ],
  "version" : 2
}
