// !$*UTF8*$!
{
	archiveVersion = 1;
	classes = {
	};
	objectVersion = 56;
	objects = {

/* Begin PBXBuildFile section */
		69843F342C9E6B7D0011893D /* skincancerApp.swift in Sources */ = {isa = PBXBuildFile; fileRef = 69843F332C9E6B7D0011893D /* skincancerApp.swift */; };
		69843F362C9E6B7D0011893D /* ContentView.swift in Sources */ = {isa = PBXBuildFile; fileRef = 69843F352C9E6B7D0011893D /* ContentView.swift */; };
		69843F382C9E6B7D0011893D /* Item.swift in Sources */ = {isa = PBXBuildFile; fileRef = 69843F372C9E6B7D0011893D /* Item.swift */; };
		69843F3A2C9E6B7E0011893D /* Assets.xcassets in Resources */ = {isa = PBXBuildFile; fileRef = 69843F392C9E6B7E0011893D /* Assets.xcassets */; };
		69843F3E2C9E6B7E0011893D /* Preview Assets.xcassets in Resources */ = {isa = PBXBuildFile; fileRef = 69843F3D2C9E6B7E0011893D /* Preview Assets.xcassets */; };
		69843F452C9E6CA70011893D /* HomeView.swift in Sources */ = {isa = PBXBuildFile; fileRef = 69843F442C9E6CA70011893D /* HomeView.swift */; };
		69843F472C9E6CB90011893D /* ReportsView.swift in Sources */ = {isa = PBXBuildFile; fileRef = 69843F462C9E6CB90011893D /* ReportsView.swift */; };
		69843F492C9E6CD70011893D /* CameraView.swift in Sources */ = {isa = PBXBuildFile; fileRef = 69843F482C9E6CD70011893D /* CameraView.swift */; };
		69843F4B2C9E6CE90011893D /* TipsView.swift in Sources */ = {isa = PBXBuildFile; fileRef = 69843F4A2C9E6CE90011893D /* TipsView.swift */; };
		69843F4E2C9E6D2F0011893D /* Report.swift in Sources */ = {isa = PBXBuildFile; fileRef = 69843F4D2C9E6D2F0011893D /* Report.swift */; };
		69843F502C9E6D4B0011893D /* WeeklyCheckIn.swift in Sources */ = {isa = PBXBuildFile; fileRef = 69843F4F2C9E6D4B0011893D /* WeeklyCheckIn.swift */; };
		69843F532C9E75A70011893D /* DoctorSearchVIew.swift in Sources */ = {isa = PBXBuildFile; fileRef = 69843F522C9E75A70011893D /* DoctorSearchVIew.swift */; };
		69843F552C9E75F80011893D /* ChecklistView.swift in Sources */ = {isa = PBXBuildFile; fileRef = 69843F542C9E75F70011893D /* ChecklistView.swift */; };
		69843F582C9E77830011893D /* colors.swift in Sources */ = {isa = PBXBuildFile; fileRef = 69843F572C9E77830011893D /* colors.swift */; };
		69843F5A2C9F3DA10011893D /* Tip.swift in Sources */ = {isa = PBXBuildFile; fileRef = 69843F592C9F3DA10011893D /* Tip.swift */; };
		69843F5C2C9F45FF0011893D /* Result.swift in Sources */ = {isa = PBXBuildFile; fileRef = 69843F5B2C9F45FF0011893D /* Result.swift */; };
		69843F632C9F7F220011893D /* CarouselStack in Frameworks */ = {isa = PBXBuildFile; productRef = 69843F622C9F7F220011893D /* CarouselStack */; };
		69843F652C9F7F220011893D /* ShuffleDeck in Frameworks */ = {isa = PBXBuildFile; productRef = 69843F642C9F7F220011893D /* ShuffleDeck */; };
		69843F672C9F7F220011893D /* ShuffleIt in Frameworks */ = {isa = PBXBuildFile; productRef = 69843F662C9F7F220011893D /* ShuffleIt */; };
		69843F692C9F7F220011893D /* ShuffleStack in Frameworks */ = {isa = PBXBuildFile; productRef = 69843F682C9F7F220011893D /* ShuffleStack */; };
		69843F6B2C9F81EB0011893D /* SupportGroups.swift in Sources */ = {isa = PBXBuildFile; fileRef = 69843F6A2C9F81EB0011893D /* SupportGroups.swift */; };
		EB44EDC72C9FCBCC002FA602 /* SkinCancerDetection.mlpackage in Sources */ = {isa = PBXBuildFile; fileRef = EB44EDC62C9FCBCC002FA602 /* SkinCancerDetection.mlpackage */; };
		EB9BF02B2C9E969E002B0563 /* ResultsView.swift in Sources */ = {isa = PBXBuildFile; fileRef = EB9BF02A2C9E969A002B0563 /* ResultsView.swift */; };
/* End PBXBuildFile section */

/* Begin PBXFileReference section */
		69843F302C9E6B7D0011893D /* skincancer.app */ = {isa = PBXFileReference; explicitFileType = wrapper.application; includeInIndex = 0; path = skincancer.app; sourceTree = BUILT_PRODUCTS_DIR; };
		69843F332C9E6B7D0011893D /* skincancerApp.swift */ = {isa = PBXFileReference; lastKnownFileType = sourcecode.swift; path = skincancerApp.swift; sourceTree = "<group>"; };
		69843F352C9E6B7D0011893D /* ContentView.swift */ = {isa = PBXFileReference; lastKnownFileType = sourcecode.swift; path = ContentView.swift; sourceTree = "<group>"; };
		69843F372C9E6B7D0011893D /* Item.swift */ = {isa = PBXFileReference; lastKnownFileType = sourcecode.swift; path = Item.swift; sourceTree = "<group>"; };
		69843F392C9E6B7E0011893D /* Assets.xcassets */ = {isa = PBXFileReference; lastKnownFileType = folder.assetcatalog; path = Assets.xcassets; sourceTree = "<group>"; };
		69843F3B2C9E6B7E0011893D /* skincancer.entitlements */ = {isa = PBXFileReference; lastKnownFileType = text.plist.entitlements; path = skincancer.entitlements; sourceTree = "<group>"; };
		69843F3D2C9E6B7E0011893D /* Preview Assets.xcassets */ = {isa = PBXFileReference; lastKnownFileType = folder.assetcatalog; path = "Preview Assets.xcassets"; sourceTree = "<group>"; };
		69843F442C9E6CA70011893D /* HomeView.swift */ = {isa = PBXFileReference; lastKnownFileType = sourcecode.swift; path = HomeView.swift; sourceTree = "<group>"; };
		69843F462C9E6CB90011893D /* ReportsView.swift */ = {isa = PBXFileReference; lastKnownFileType = sourcecode.swift; path = ReportsView.swift; sourceTree = "<group>"; };
		69843F482C9E6CD70011893D /* CameraView.swift */ = {isa = PBXFileReference; lastKnownFileType = sourcecode.swift; path = CameraView.swift; sourceTree = "<group>"; };
		69843F4A2C9E6CE90011893D /* TipsView.swift */ = {isa = PBXFileReference; lastKnownFileType = sourcecode.swift; path = TipsView.swift; sourceTree = "<group>"; };
		69843F4D2C9E6D2F0011893D /* Report.swift */ = {isa = PBXFileReference; lastKnownFileType = sourcecode.swift; path = Report.swift; sourceTree = "<group>"; };
		69843F4F2C9E6D4B0011893D /* WeeklyCheckIn.swift */ = {isa = PBXFileReference; lastKnownFileType = sourcecode.swift; path = WeeklyCheckIn.swift; sourceTree = "<group>"; };
		69843F522C9E75A70011893D /* DoctorSearchVIew.swift */ = {isa = PBXFileReference; lastKnownFileType = sourcecode.swift; path = DoctorSearchVIew.swift; sourceTree = "<group>"; };
		69843F542C9E75F70011893D /* ChecklistView.swift */ = {isa = PBXFileReference; lastKnownFileType = sourcecode.swift; path = ChecklistView.swift; sourceTree = "<group>"; };
		69843F572C9E77830011893D /* colors.swift */ = {isa = PBXFileReference; lastKnownFileType = sourcecode.swift; path = colors.swift; sourceTree = "<group>"; };
		69843F592C9F3DA10011893D /* Tip.swift */ = {isa = PBXFileReference; lastKnownFileType = sourcecode.swift; path = Tip.swift; sourceTree = "<group>"; };
		69843F5B2C9F45FF0011893D /* Result.swift */ = {isa = PBXFileReference; lastKnownFileType = sourcecode.swift; path = Result.swift; sourceTree = "<group>"; };
		69843F6A2C9F81EB0011893D /* SupportGroups.swift */ = {isa = PBXFileReference; lastKnownFileType = sourcecode.swift; path = SupportGroups.swift; sourceTree = "<group>"; };
		EB44EDC62C9FCBCC002FA602 /* SkinCancerDetection.mlpackage */ = {isa = PBXFileReference; lastKnownFileType = folder.mlpackage; path = SkinCancerDetection.mlpackage; sourceTree = "<group>"; };
		EB5D15FD2C9E819700C4C594 /* Info.plist */ = {isa = PBXFileReference; lastKnownFileType = text.plist; path = Info.plist; sourceTree = "<group>"; };
		EB9BF02A2C9E969A002B0563 /* ResultsView.swift */ = {isa = PBXFileReference; lastKnownFileType = sourcecode.swift; path = ResultsView.swift; sourceTree = "<group>"; };
/* End PBXFileReference section */

/* Begin PBXFrameworksBuildPhase section */
		69843F2D2C9E6B7D0011893D /* Frameworks */ = {
			isa = PBXFrameworksBuildPhase;
			buildActionMask = 2147483647;
			files = (
				69843F632C9F7F220011893D /* CarouselStack in Frameworks */,
				69843F652C9F7F220011893D /* ShuffleDeck in Frameworks */,
				69843F672C9F7F220011893D /* ShuffleIt in Frameworks */,
				69843F692C9F7F220011893D /* ShuffleStack in Frameworks */,
			);
			runOnlyForDeploymentPostprocessing = 0;
		};
/* End PBXFrameworksBuildPhase section */

/* Begin PBXGroup section */
		69843F272C9E6B7D0011893D = {
			isa = PBXGroup;
			children = (
				69843F322C9E6B7D0011893D /* skincancer */,
				69843F312C9E6B7D0011893D /* Products */,
			);
			sourceTree = "<group>";
		};
		69843F312C9E6B7D0011893D /* Products */ = {
			isa = PBXGroup;
			children = (
				69843F302C9E6B7D0011893D /* skincancer.app */,
			);
			name = Products;
			sourceTree = "<group>";
		};
		69843F322C9E6B7D0011893D /* skincancer */ = {
			isa = PBXGroup;
			children = (
				EB44EDC62C9FCBCC002FA602 /* SkinCancerDetection.mlpackage */,
				EB5D15FD2C9E819700C4C594 /* Info.plist */,
				69843F562C9E777B0011893D /* Extension */,
				69843F512C9E6D580011893D /* View */,
				69843F4C2C9E6D270011893D /* Model */,
				69843F332C9E6B7D0011893D /* skincancerApp.swift */,
				69843F352C9E6B7D0011893D /* ContentView.swift */,
				69843F372C9E6B7D0011893D /* Item.swift */,
				69843F392C9E6B7E0011893D /* Assets.xcassets */,
				69843F3B2C9E6B7E0011893D /* skincancer.entitlements */,
				69843F3C2C9E6B7E0011893D /* Preview Content */,
			);
			path = skincancer;
			sourceTree = "<group>";
		};
		69843F3C2C9E6B7E0011893D /* Preview Content */ = {
			isa = PBXGroup;
			children = (
				69843F3D2C9E6B7E0011893D /* Preview Assets.xcassets */,
			);
			path = "Preview Content";
			sourceTree = "<group>";
		};
		69843F4C2C9E6D270011893D /* Model */ = {
			isa = PBXGroup;
			children = (
				69843F4D2C9E6D2F0011893D /* Report.swift */,
				69843F4F2C9E6D4B0011893D /* WeeklyCheckIn.swift */,
				69843F592C9F3DA10011893D /* Tip.swift */,
				69843F6A2C9F81EB0011893D /* SupportGroups.swift */,
			);
			path = Model;
			sourceTree = "<group>";
		};
		69843F512C9E6D580011893D /* View */ = {
			isa = PBXGroup;
			children = (
				EB9BF02A2C9E969A002B0563 /* ResultsView.swift */,
				69843F442C9E6CA70011893D /* HomeView.swift */,
				69843F462C9E6CB90011893D /* ReportsView.swift */,
				69843F482C9E6CD70011893D /* CameraView.swift */,
				69843F4A2C9E6CE90011893D /* TipsView.swift */,
				69843F522C9E75A70011893D /* DoctorSearchVIew.swift */,
				69843F542C9E75F70011893D /* ChecklistView.swift */,
				69843F5B2C9F45FF0011893D /* Result.swift */,
			);
			path = View;
			sourceTree = "<group>";
		};
		69843F562C9E777B0011893D /* Extension */ = {
			isa = PBXGroup;
			children = (
				69843F572C9E77830011893D /* colors.swift */,
			);
			path = Extension;
			sourceTree = "<group>";
		};
/* End PBXGroup section */

/* Begin PBXNativeTarget section */
		69843F2F2C9E6B7D0011893D /* skincancer */ = {
			isa = PBXNativeTarget;
			buildConfigurationList = 69843F412C9E6B7E0011893D /* Build configuration list for PBXNativeTarget "skincancer" */;
			buildPhases = (
				69843F2C2C9E6B7D0011893D /* Sources */,
				69843F2D2C9E6B7D0011893D /* Frameworks */,
				69843F2E2C9E6B7D0011893D /* Resources */,
			);
			buildRules = (
			);
			dependencies = (
			);
			name = skincancer;
			packageProductDependencies = (
				69843F622C9F7F220011893D /* CarouselStack */,
				69843F642C9F7F220011893D /* ShuffleDeck */,
				69843F662C9F7F220011893D /* ShuffleIt */,
				69843F682C9F7F220011893D /* ShuffleStack */,
			);
			productName = skincancer;
			productReference = 69843F302C9E6B7D0011893D /* skincancer.app */;
			productType = "com.apple.product-type.application";
		};
/* End PBXNativeTarget section */

/* Begin PBXProject section */
		69843F282C9E6B7D0011893D /* Project object */ = {
			isa = PBXProject;
			attributes = {
				BuildIndependentTargetsInParallel = 1;
				LastSwiftUpdateCheck = 1510;
				LastUpgradeCheck = 1510;
				TargetAttributes = {
					69843F2F2C9E6B7D0011893D = {
						CreatedOnToolsVersion = 15.1;
					};
				};
			};
			buildConfigurationList = 69843F2B2C9E6B7D0011893D /* Build configuration list for PBXProject "skincancer" */;
			compatibilityVersion = "Xcode 14.0";
			developmentRegion = en;
			hasScannedForEncodings = 0;
			knownRegions = (
				en,
				Base,
			);
			mainGroup = 69843F272C9E6B7D0011893D;
			packageReferences = (
				69843F612C9F7F220011893D /* XCRemoteSwiftPackageReference "ShuffleIt" */,
			);
			productRefGroup = 69843F312C9E6B7D0011893D /* Products */;
			projectDirPath = "";
			projectRoot = "";
			targets = (
				69843F2F2C9E6B7D0011893D /* skincancer */,
			);
		};
/* End PBXProject section */

/* Begin PBXResourcesBuildPhase section */
		69843F2E2C9E6B7D0011893D /* Resources */ = {
			isa = PBXResourcesBuildPhase;
			buildActionMask = 2147483647;
			files = (
				69843F3E2C9E6B7E0011893D /* Preview Assets.xcassets in Resources */,
				69843F3A2C9E6B7E0011893D /* Assets.xcassets in Resources */,
			);
			runOnlyForDeploymentPostprocessing = 0;
		};
/* End PBXResourcesBuildPhase section */

/* Begin PBXSourcesBuildPhase section */
		69843F2C2C9E6B7D0011893D /* Sources */ = {
			isa = PBXSourcesBuildPhase;
			buildActionMask = 2147483647;
			files = (
				69843F362C9E6B7D0011893D /* ContentView.swift in Sources */,
				69843F582C9E77830011893D /* colors.swift in Sources */,
				69843F472C9E6CB90011893D /* ReportsView.swift in Sources */,
				69843F6B2C9F81EB0011893D /* SupportGroups.swift in Sources */,
				69843F452C9E6CA70011893D /* HomeView.swift in Sources */,
				69843F532C9E75A70011893D /* DoctorSearchVIew.swift in Sources */,
				EB44EDC72C9FCBCC002FA602 /* SkinCancerDetection.mlpackage in Sources */,
				69843F502C9E6D4B0011893D /* WeeklyCheckIn.swift in Sources */,
				69843F5C2C9F45FF0011893D /* Result.swift in Sources */,
				69843F552C9E75F80011893D /* ChecklistView.swift in Sources */,
				69843F4E2C9E6D2F0011893D /* Report.swift in Sources */,
				69843F492C9E6CD70011893D /* CameraView.swift in Sources */,
				69843F4B2C9E6CE90011893D /* TipsView.swift in Sources */,
				EB9BF02B2C9E969E002B0563 /* ResultsView.swift in Sources */,
				69843F5A2C9F3DA10011893D /* Tip.swift in Sources */,
				69843F382C9E6B7D0011893D /* Item.swift in Sources */,
				69843F342C9E6B7D0011893D /* skincancerApp.swift in Sources */,
			);
			runOnlyForDeploymentPostprocessing = 0;
		};
/* End PBXSourcesBuildPhase section */

/* Begin XCBuildConfiguration section */
		69843F3F2C9E6B7E0011893D /* Debug */ = {
			isa = XCBuildConfiguration;
			buildSettings = {
				ALWAYS_SEARCH_USER_PATHS = NO;
				ASSETCATALOG_COMPILER_GENERATE_SWIFT_ASSET_SYMBOL_EXTENSIONS = YES;
				CLANG_ANALYZER_NONNULL = YES;
				CLANG_ANALYZER_NUMBER_OBJECT_CONVERSION = YES_AGGRESSIVE;
				CLANG_CXX_LANGUAGE_STANDARD = "gnu++20";
				CLANG_ENABLE_MODULES = YES;
				CLANG_ENABLE_OBJC_ARC = YES;
				CLANG_ENABLE_OBJC_WEAK = YES;
				CLANG_WARN_BLOCK_CAPTURE_AUTORELEASING = YES;
				CLANG_WARN_BOOL_CONVERSION = YES;
				CLANG_WARN_COMMA = YES;
				CLANG_WARN_CONSTANT_CONVERSION = YES;
				CLANG_WARN_DEPRECATED_OBJC_IMPLEMENTATIONS = YES;
				CLANG_WARN_DIRECT_OBJC_ISA_USAGE = YES_ERROR;
				CLANG_WARN_DOCUMENTATION_COMMENTS = YES;
				CLANG_WARN_EMPTY_BODY = YES;
				CLANG_WARN_ENUM_CONVERSION = YES;
				CLANG_WARN_INFINITE_RECURSION = YES;
				CLANG_WARN_INT_CONVERSION = YES;
				CLANG_WARN_NON_LITERAL_NULL_CONVERSION = YES;
				CLANG_WARN_OBJC_IMPLICIT_RETAIN_SELF = YES;
				CLANG_WARN_OBJC_LITERAL_CONVERSION = YES;
				CLANG_WARN_OBJC_ROOT_CLASS = YES_ERROR;
				CLANG_WARN_QUOTED_INCLUDE_IN_FRAMEWORK_HEADER = YES;
				CLANG_WARN_RANGE_LOOP_ANALYSIS = YES;
				CLANG_WARN_STRICT_PROTOTYPES = YES;
				CLANG_WARN_SUSPICIOUS_MOVE = YES;
				CLANG_WARN_UNGUARDED_AVAILABILITY = YES_AGGRESSIVE;
				CLANG_WARN_UNREACHABLE_CODE = YES;
				CLANG_WARN__DUPLICATE_METHOD_MATCH = YES;
				COPY_PHASE_STRIP = NO;
				DEBUG_INFORMATION_FORMAT = dwarf;
				ENABLE_STRICT_OBJC_MSGSEND = YES;
				ENABLE_TESTABILITY = YES;
				ENABLE_USER_SCRIPT_SANDBOXING = YES;
				GCC_C_LANGUAGE_STANDARD = gnu17;
				GCC_DYNAMIC_NO_PIC = NO;
				GCC_NO_COMMON_BLOCKS = YES;
				GCC_OPTIMIZATION_LEVEL = 0;
				GCC_PREPROCESSOR_DEFINITIONS = (
					"DEBUG=1",
					"$(inherited)",
				);
				GCC_WARN_64_TO_32_BIT_CONVERSION = YES;
				GCC_WARN_ABOUT_RETURN_TYPE = YES_ERROR;
				GCC_WARN_UNDECLARED_SELECTOR = YES;
				GCC_WARN_UNINITIALIZED_AUTOS = YES_AGGRESSIVE;
				GCC_WARN_UNUSED_FUNCTION = YES;
				GCC_WARN_UNUSED_VARIABLE = YES;
				LOCALIZATION_PREFERS_STRING_CATALOGS = YES;
				MTL_ENABLE_DEBUG_INFO = INCLUDE_SOURCE;
				MTL_FAST_MATH = YES;
				ONLY_ACTIVE_ARCH = YES;
				SWIFT_ACTIVE_COMPILATION_CONDITIONS = "DEBUG $(inherited)";
				SWIFT_OPTIMIZATION_LEVEL = "-Onone";
			};
			name = Debug;
		};
		69843F402C9E6B7E0011893D /* Release */ = {
			isa = XCBuildConfiguration;
			buildSettings = {
				ALWAYS_SEARCH_USER_PATHS = NO;
				ASSETCATALOG_COMPILER_GENERATE_SWIFT_ASSET_SYMBOL_EXTENSIONS = YES;
				CLANG_ANALYZER_NONNULL = YES;
				CLANG_ANALYZER_NUMBER_OBJECT_CONVERSION = YES_AGGRESSIVE;
				CLANG_CXX_LANGUAGE_STANDARD = "gnu++20";
				CLANG_ENABLE_MODULES = YES;
				CLANG_ENABLE_OBJC_ARC = YES;
				CLANG_ENABLE_OBJC_WEAK = YES;
				CLANG_WARN_BLOCK_CAPTURE_AUTORELEASING = YES;
				CLANG_WARN_BOOL_CONVERSION = YES;
				CLANG_WARN_COMMA = YES;
				CLANG_WARN_CONSTANT_CONVERSION = YES;
				CLANG_WARN_DEPRECATED_OBJC_IMPLEMENTATIONS = YES;
				CLANG_WARN_DIRECT_OBJC_ISA_USAGE = YES_ERROR;
				CLANG_WARN_DOCUMENTATION_COMMENTS = YES;
				CLANG_WARN_EMPTY_BODY = YES;
				CLANG_WARN_ENUM_CONVERSION = YES;
				CLANG_WARN_INFINITE_RECURSION = YES;
				CLANG_WARN_INT_CONVERSION = YES;
				CLANG_WARN_NON_LITERAL_NULL_CONVERSION = YES;
				CLANG_WARN_OBJC_IMPLICIT_RETAIN_SELF = YES;
				CLANG_WARN_OBJC_LITERAL_CONVERSION = YES;
				CLANG_WARN_OBJC_ROOT_CLASS = YES_ERROR;
				CLANG_WARN_QUOTED_INCLUDE_IN_FRAMEWORK_HEADER = YES;
				CLANG_WARN_RANGE_LOOP_ANALYSIS = YES;
				CLANG_WARN_STRICT_PROTOTYPES = YES;
				CLANG_WARN_SUSPICIOUS_MOVE = YES;
				CLANG_WARN_UNGUARDED_AVAILABILITY = YES_AGGRESSIVE;
				CLANG_WARN_UNREACHABLE_CODE = YES;
				CLANG_WARN__DUPLICATE_METHOD_MATCH = YES;
				COPY_PHASE_STRIP = NO;
				DEBUG_INFORMATION_FORMAT = "dwarf-with-dsym";
				ENABLE_NS_ASSERTIONS = NO;
				ENABLE_STRICT_OBJC_MSGSEND = YES;
				ENABLE_USER_SCRIPT_SANDBOXING = YES;
				GCC_C_LANGUAGE_STANDARD = gnu17;
				GCC_NO_COMMON_BLOCKS = YES;
				GCC_WARN_64_TO_32_BIT_CONVERSION = YES;
				GCC_WARN_ABOUT_RETURN_TYPE = YES_ERROR;
				GCC_WARN_UNDECLARED_SELECTOR = YES;
				GCC_WARN_UNINITIALIZED_AUTOS = YES_AGGRESSIVE;
				GCC_WARN_UNUSED_FUNCTION = YES;
				GCC_WARN_UNUSED_VARIABLE = YES;
				LOCALIZATION_PREFERS_STRING_CATALOGS = YES;
				MTL_ENABLE_DEBUG_INFO = NO;
				MTL_FAST_MATH = YES;
				SWIFT_COMPILATION_MODE = wholemodule;
			};
			name = Release;
		};
		69843F422C9E6B7E0011893D /* Debug */ = {
			isa = XCBuildConfiguration;
			buildSettings = {
				ASSETCATALOG_COMPILER_APPICON_NAME = AppIcon;
				ASSETCATALOG_COMPILER_GLOBAL_ACCENT_COLOR_NAME = AccentColor;
				CODE_SIGN_ENTITLEMENTS = skincancer/skincancer.entitlements;
				CODE_SIGN_STYLE = Automatic;
				CURRENT_PROJECT_VERSION = 1;
				DEVELOPMENT_ASSET_PATHS = "\"skincancer/Preview Content\"";
				DEVELOPMENT_TEAM = H349G2ZH8B;
				ENABLE_HARDENED_RUNTIME = YES;
				ENABLE_PREVIEWS = YES;
				GENERATE_INFOPLIST_FILE = YES;
				INFOPLIST_FILE = skincancer/Info.plist;
				"INFOPLIST_KEY_UIApplicationSceneManifest_Generation[sdk=iphoneos*]" = YES;
				"INFOPLIST_KEY_UIApplicationSceneManifest_Generation[sdk=iphonesimulator*]" = YES;
				"INFOPLIST_KEY_UIApplicationSupportsIndirectInputEvents[sdk=iphoneos*]" = YES;
				"INFOPLIST_KEY_UIApplicationSupportsIndirectInputEvents[sdk=iphonesimulator*]" = YES;
				"INFOPLIST_KEY_UILaunchScreen_Generation[sdk=iphoneos*]" = YES;
				"INFOPLIST_KEY_UILaunchScreen_Generation[sdk=iphonesimulator*]" = YES;
				"INFOPLIST_KEY_UIStatusBarStyle[sdk=iphoneos*]" = UIStatusBarStyleDefault;
				"INFOPLIST_KEY_UIStatusBarStyle[sdk=iphonesimulator*]" = UIStatusBarStyleDefault;
				INFOPLIST_KEY_UISupportedInterfaceOrientations_iPad = "UIInterfaceOrientationPortrait UIInterfaceOrientationPortraitUpsideDown UIInterfaceOrientationLandscapeLeft UIInterfaceOrientationLandscapeRight";
				INFOPLIST_KEY_UISupportedInterfaceOrientations_iPhone = "UIInterfaceOrientationPortrait UIInterfaceOrientationLandscapeLeft UIInterfaceOrientationLandscapeRight";
				IPHONEOS_DEPLOYMENT_TARGET = 17.2;
				LD_RUNPATH_SEARCH_PATHS = "@executable_path/Frameworks";
				"LD_RUNPATH_SEARCH_PATHS[sdk=macosx*]" = "@executable_path/../Frameworks";
				MACOSX_DEPLOYMENT_TARGET = 14.0;
				MARKETING_VERSION = 1.0;
				PRODUCT_BUNDLE_IDENTIFIER = io.arrrshia.skincancer;
				PRODUCT_NAME = "$(TARGET_NAME)";
				SDKROOT = auto;
				SUPPORTED_PLATFORMS = "iphoneos iphonesimulator macosx";
				SWIFT_EMIT_LOC_STRINGS = YES;
				SWIFT_VERSION = 5.0;
				TARGETED_DEVICE_FAMILY = "1,2";
			};
			name = Debug;
		};
		69843F432C9E6B7E0011893D /* Release */ = {
			isa = XCBuildConfiguration;
			buildSettings = {
				ASSETCATALOG_COMPILER_APPICON_NAME = AppIcon;
				ASSETCATALOG_COMPILER_GLOBAL_ACCENT_COLOR_NAME = AccentColor;
				CODE_SIGN_ENTITLEMENTS = skincancer/skincancer.entitlements;
				CODE_SIGN_STYLE = Automatic;
				CURRENT_PROJECT_VERSION = 1;
				DEVELOPMENT_ASSET_PATHS = "\"skincancer/Preview Content\"";
				DEVELOPMENT_TEAM = H349G2ZH8B;
				ENABLE_HARDENED_RUNTIME = YES;
				ENABLE_PREVIEWS = YES;
				GENERATE_INFOPLIST_FILE = YES;
				INFOPLIST_FILE = skincancer/Info.plist;
				"INFOPLIST_KEY_UIApplicationSceneManifest_Generation[sdk=iphoneos*]" = YES;
				"INFOPLIST_KEY_UIApplicationSceneManifest_Generation[sdk=iphonesimulator*]" = YES;
				"INFOPLIST_KEY_UIApplicationSupportsIndirectInputEvents[sdk=iphoneos*]" = YES;
				"INFOPLIST_KEY_UIApplicationSupportsIndirectInputEvents[sdk=iphonesimulator*]" = YES;
				"INFOPLIST_KEY_UILaunchScreen_Generation[sdk=iphoneos*]" = YES;
				"INFOPLIST_KEY_UILaunchScreen_Generation[sdk=iphonesimulator*]" = YES;
				"INFOPLIST_KEY_UIStatusBarStyle[sdk=iphoneos*]" = UIStatusBarStyleDefault;
				"INFOPLIST_KEY_UIStatusBarStyle[sdk=iphonesimulator*]" = UIStatusBarStyleDefault;
				INFOPLIST_KEY_UISupportedInterfaceOrientations_iPad = "UIInterfaceOrientationPortrait UIInterfaceOrientationPortraitUpsideDown UIInterfaceOrientationLandscapeLeft UIInterfaceOrientationLandscapeRight";
				INFOPLIST_KEY_UISupportedInterfaceOrientations_iPhone = "UIInterfaceOrientationPortrait UIInterfaceOrientationLandscapeLeft UIInterfaceOrientationLandscapeRight";
				IPHONEOS_DEPLOYMENT_TARGET = 17.2;
				LD_RUNPATH_SEARCH_PATHS = "@executable_path/Frameworks";
				"LD_RUNPATH_SEARCH_PATHS[sdk=macosx*]" = "@executable_path/../Frameworks";
				MACOSX_DEPLOYMENT_TARGET = 14.0;
				MARKETING_VERSION = 1.0;
				PRODUCT_BUNDLE_IDENTIFIER = io.arrrshia.skincancer;
				PRODUCT_NAME = "$(TARGET_NAME)";
				SDKROOT = auto;
				SUPPORTED_PLATFORMS = "iphoneos iphonesimulator macosx";
				SWIFT_EMIT_LOC_STRINGS = YES;
				SWIFT_VERSION = 5.0;
				TARGETED_DEVICE_FAMILY = "1,2";
			};
			name = Release;
		};
/* End XCBuildConfiguration section */

/* Begin XCConfigurationList section */
		69843F2B2C9E6B7D0011893D /* Build configuration list for PBXProject "skincancer" */ = {
			isa = XCConfigurationList;
			buildConfigurations = (
				69843F3F2C9E6B7E0011893D /* Debug */,
				69843F402C9E6B7E0011893D /* Release */,
			);
			defaultConfigurationIsVisible = 0;
			defaultConfigurationName = Release;
		};
		69843F412C9E6B7E0011893D /* Build configuration list for PBXNativeTarget "skincancer" */ = {
			isa = XCConfigurationList;
			buildConfigurations = (
				69843F422C9E6B7E0011893D /* Debug */,
				69843F432C9E6B7E0011893D /* Release */,
			);
			defaultConfigurationIsVisible = 0;
			defaultConfigurationName = Release;
		};
/* End XCConfigurationList section */

/* Begin XCRemoteSwiftPackageReference section */
		69843F612C9F7F220011893D /* XCRemoteSwiftPackageReference "ShuffleIt" */ = {
			isa = XCRemoteSwiftPackageReference;
			repositoryURL = "https://github.com/dscyrescotti/ShuffleIt.git";
			requirement = {
				branch = main;
				kind = branch;
			};
		};
/* End XCRemoteSwiftPackageReference section */

/* Begin XCSwiftPackageProductDependency section */
		69843F622C9F7F220011893D /* CarouselStack */ = {
			isa = XCSwiftPackageProductDependency;
			package = 69843F612C9F7F220011893D /* XCRemoteSwiftPackageReference "ShuffleIt" */;
			productName = CarouselStack;
		};
		69843F642C9F7F220011893D /* ShuffleDeck */ = {
			isa = XCSwiftPackageProductDependency;
			package = 69843F612C9F7F220011893D /* XCRemoteSwiftPackageReference "ShuffleIt" */;
			productName = ShuffleDeck;
		};
		69843F662C9F7F220011893D /* ShuffleIt */ = {
			isa = XCSwiftPackageProductDependency;
			package = 69843F612C9F7F220011893D /* XCRemoteSwiftPackageReference "ShuffleIt" */;
			productName = ShuffleIt;
		};
		69843F682C9F7F220011893D /* ShuffleStack */ = {
			isa = XCSwiftPackageProductDependency;
			package = 69843F612C9F7F220011893D /* XCRemoteSwiftPackageReference "ShuffleIt" */;
			productName = ShuffleStack;
		};
/* End XCSwiftPackageProductDependency section */
	};
	rootObject = 69843F282C9E6B7D0011893D /* Project object */;
}
